
Microsoft Visual Studio Solution File, Format Version 12.00
# Visual Studio 2013
VisualStudioVersion = 12.0.30723.0
MinimumVisualStudioVersion = 10.0.40219.1
Project("{FAE04EC0-301F-11D3-BF4B-00C04F79EFBC}") = "Ektron.SharedSource.FluentApi", "Ektron.SharedSource.FluentApi\Ektron.SharedSource.FluentApi.csproj", "{EDD3BAFA-A85C-40A8-B372-672D3CEB12D9}"
EndProject
Project("{FAE04EC0-301F-11D3-BF4B-00C04F79EFBC}") = "Ektron.SharedSource.FluentApi.Tests", "Ektron.SharedSource.FluentApi.Tests\Ektron.SharedSource.FluentApi.Tests.csproj", "{382E79C6-F49B-40B3-849E-9734CB0EA0CD}"
EndProject
Project("{2150E333-8FDC-42A3-9474-1A3956D46DE8}") = "Solution Items", "Solution Items", "{9589F089-DBB5-44BE-935D-94E8FC4353DA}"
	ProjectSection(SolutionItems) = preProject
		..\Lib\NuGet\NuGet.exe = ..\Lib\NuGet\NuGet.exe
		Settings.StyleCop = Settings.StyleCop
	EndProjectSection
EndProject
Project("{FAE04EC0-301F-11D3-BF4B-00C04F79EFBC}") = "Ektron.SharedSource.Sandbox", "Ektron.SharedSource.Sandbox\Ektron.SharedSource.Sandbox.csproj", "{3D4C9631-2961-45AB-82CA-5A1F4B944BE5}"
EndProject
Global
	GlobalSection(SolutionConfigurationPlatforms) = preSolution
		Debug|Any CPU = Debug|Any CPU
		Release|Any CPU = Release|Any CPU
	EndGlobalSection
	GlobalSection(ProjectConfigurationPlatforms) = postSolution
		{EDD3BAFA-A85C-40A8-B372-672D3CEB12D9}.Debug|Any CPU.ActiveCfg = Debug|Any CPU
		{EDD3BAFA-A85C-40A8-B372-672D3CEB12D9}.Debug|Any CPU.Build.0 = Debug|Any CPU
		{EDD3BAFA-A85C-40A8-B372-672D3CEB12D9}.Release|Any CPU.ActiveCfg = Release|Any CPU
		{EDD3BAFA-A85C-40A8-B372-672D3CEB12D9}.Release|Any CPU.Build.0 = Release|Any CPU
		{382E79C6-F49B-40B3-849E-9734CB0EA0CD}.Debug|Any CPU.ActiveCfg = Debug|Any CPU
		{382E79C6-F49B-40B3-849E-9734CB0EA0CD}.Debug|Any CPU.Build.0 = Debug|Any CPU
		{382E79C6-F49B-40B3-849E-9734CB0EA0CD}.Release|Any CPU.ActiveCfg = Release|Any CPU
		{382E79C6-F49B-40B3-849E-9734CB0EA0CD}.Release|Any CPU.Build.0 = Release|Any CPU
		{3D4C9631-2961-45AB-82CA-5A1F4B944BE5}.Debug|Any CPU.ActiveCfg = Debug|Any CPU
		{3D4C9631-2961-45AB-82CA-5A1F4B944BE5}.Debug|Any CPU.Build.0 = Debug|Any CPU
		{3D4C9631-2961-45AB-82CA-5A1F4B944BE5}.Release|Any CPU.ActiveCfg = Release|Any CPU
		{3D4C9631-2961-45AB-82CA-5A1F4B944BE5}.Release|Any CPU.Build.0 = Release|Any CPU
	EndGlobalSection
	GlobalSection(SolutionProperties) = preSolution
		HideSolutionNode = FALSE
	EndGlobalSection
EndGlobal
